{
  "lockfileVersion": 1,
  "configVersion": 1,
  "workspaces": {
    "": {
      "name": "contrail",
      "devDependencies": {
        "turbo": "^2.9.12",
        "typescript": "catalog:",
      },
    },
    "packages/shared": {
      "name": "@contrail/shared",
      "version": "0.1.0",
    },
  },
  "catalog": {
    "@types/bun": "^1.3.13",
    "bunup": "^0.16.31",
    "fastify": "^5.8.5",
    "ioredis": "^5.10.1",
    "typescript": "^6.0.3",
  },
  "packages": {
    "@contrail/shared": ["@contrail/shared@workspace:packages/shared"],

    "@turbo/darwin-64": ["@turbo/darwin-64@2.9.12", "", { "os": "darwin", "cpu": "x64" }, "sha512-eu3eFRmE9NjgZ0wPdRJ44l+LGSeIky+tz5ZQd8zQkw/Yqi+BM7wq+8nbabeoiVUcICi/IZweMOKl/MCmkrd1+g=="],

    "@turbo/darwin-arm64": ["@turbo/darwin-arm64@2.9.12", "", { "os": "darwin", "cpu": "arm64" }, "sha512-RUkAE404z/J8NsyrUosMcBaXT6M4bRFxTQrmkDQBLQVXaC8Jl0e9bMvYDSX0GW7Ffm2m3j9y7RXgR1foeUAM9w=="],

    "@turbo/linux-64": ["@turbo/linux-64@2.9.12", "", { "os": "linux", "cpu": "x64" }, "sha512-InIUtH7cw/vqXNX1Gr7QgWfmw3ct08pV5CpfdEOR48z2u2rzdmpIuk00B/Q2xCb0PMWtKgiMQynfuphmEuUyTQ=="],

    "@turbo/linux-arm64": ["@turbo/linux-arm64@2.9.12", "", { "os": "linux", "cpu": "arm64" }, "sha512-lC6nD//Xh67fmJM0LKaLsg74Wry0aYrgMklpiNgCbUaMdPIOqj0A00iri3NU7Lb7pZHx8ViisgpeDKlpSgFUCA=="],

    "@turbo/windows-64": ["@turbo/windows-64@2.9.12", "", { "os": "win32", "cpu": "x64" }, "sha512-conYri8VUl72JOdYnLDPYwzqbPcY5ECoHmo9FWoKznemhaAIilj4maHqs9Uar0aKfNoZIULniy+6iWaLtLO34A=="],

    "@turbo/windows-arm64": ["@turbo/windows-arm64@2.9.12", "", { "os": "win32", "cpu": "arm64" }, "sha512-XoR4bsg62/L/esRVcmoMESEiNZ36+YmyjYGLpoqk8nwMgXzzVjNOgX0lRSz5w/U/ajLGv3nhMsS0Q2QOdvp2AQ=="],

    "turbo": ["turbo@2.9.12", "", { "optionalDependencies": { "@turbo/darwin-64": "2.9.12", "@turbo/darwin-arm64": "2.9.12", "@turbo/linux-64": "2.9.12", "@turbo/linux-arm64": "2.9.12", "@turbo/windows-64": "2.9.12", "@turbo/windows-arm64": "2.9.12" }, "bin": { "turbo": "bin/turbo" } }, "sha512-lCPgus1NuTiBdaITWqzSH/Ff6HVL8HHGBtOXHg1dHRfcshN79XkygSdh0M6g8b0td91ILLG5MTkLOkp5UvyPJw=="],

    "typescript": ["typescript@6.0.3", "", { "bin": { "tsc": "bin/tsc", "tsserver": "bin/tsserver" } }, "sha512-y2TvuxSZPDyQakkFRPZHKFm+KKVqIisdg9/CZwm9ftvKXLP8NRWj38/ODjNbr43SsoXqNuAisEf1GdCxqWcdBw=="],
  }
}
